
Microsoft Visual Studio Solution File, Format Version 12.00
# Visual Studio 15
VisualStudioVersion = 15.0.28010.2048
MinimumVisualStudioVersion = 10.0.40219.1
Project("{FAE04EC0-301F-11D3-BF4B-00C04F79EFBC}") = "lab4", "lab4\lab4.csproj", "{ADB48D54-E189-41F3-842C-A99C831B3471}"
EndProject
Project("{FAE04EC0-301F-11D3-BF4B-00C04F79EFBC}") = "ClassLibrary4", "ClassLibrary4\ClassLibrary4.csproj", "{C3607822-53A3-4D8F-B83A-9C64EC8E9860}"
EndProject
Global
	GlobalSection(SolutionConfigurationPlatforms) = preSolution
		Debug|Any CPU = Debug|Any CPU
		Release|Any CPU = Release|Any CPU
	EndGlobalSection
	GlobalSection(ProjectConfigurationPlatforms) = postSolution
		{ADB48D54-E189-41F3-842C-A99C831B3471}.Debug|Any CPU.ActiveCfg = Debug|Any CPU
		{ADB48D54-E189-41F3-842C-A99C831B3471}.Debug|Any CPU.Build.0 = Debug|Any CPU
		{ADB48D54-E189-41F3-842C-A99C831B3471}.Release|Any CPU.ActiveCfg = Release|Any CPU
		{ADB48D54-E189-41F3-842C-A99C831B3471}.Release|Any CPU.Build.0 = Release|Any CPU
		{C3607822-53A3-4D8F-B83A-9C64EC8E9860}.Debug|Any CPU.ActiveCfg = Debug|Any CPU
		{C3607822-53A3-4D8F-B83A-9C64EC8E9860}.Debug|Any CPU.Build.0 = Debug|Any CPU
		{C3607822-53A3-4D8F-B83A-9C64EC8E9860}.Release|Any CPU.ActiveCfg = Release|Any CPU
		{C3607822-53A3-4D8F-B83A-9C64EC8E9860}.Release|Any CPU.Build.0 = Release|Any CPU
	EndGlobalSection
	GlobalSection(SolutionProperties) = preSolution
		HideSolutionNode = FALSE
	EndGlobalSection
	GlobalSection(ExtensibilityGlobals) = postSolution
		SolutionGuid = {4A09B416-A8B9-4158-AA02-D817667F2129}
	EndGlobalSection
EndGlobal
