
Microsoft Visual Studio Solution File, Format Version 12.00
# Visual Studio 15
VisualStudioVersion = 15.0.28010.2048
MinimumVisualStudioVersion = 10.0.40219.1
Project("{FAE04EC0-301F-11D3-BF4B-00C04F79EFBC}") = "lab2", "lab2\lab2.csproj", "{2FE608FE-2D1B-45ED-A910-2C8F07CB843F}"
EndProject
Project("{FAE04EC0-301F-11D3-BF4B-00C04F79EFBC}") = "lab1classes", "lab1classes\lab1classes.csproj", "{DB1A8E59-23E8-41AC-86E4-D3C0CFD44A32}"
EndProject
Global
	GlobalSection(SolutionConfigurationPlatforms) = preSolution
		Debug|Any CPU = Debug|Any CPU
		Release|Any CPU = Release|Any CPU
	EndGlobalSection
	GlobalSection(ProjectConfigurationPlatforms) = postSolution
		{2FE608FE-2D1B-45ED-A910-2C8F07CB843F}.Debug|Any CPU.ActiveCfg = Debug|Any CPU
		{2FE608FE-2D1B-45ED-A910-2C8F07CB843F}.Debug|Any CPU.Build.0 = Debug|Any CPU
		{2FE608FE-2D1B-45ED-A910-2C8F07CB843F}.Release|Any CPU.ActiveCfg = Release|Any CPU
		{2FE608FE-2D1B-45ED-A910-2C8F07CB843F}.Release|Any CPU.Build.0 = Release|Any CPU
		{DB1A8E59-23E8-41AC-86E4-D3C0CFD44A32}.Debug|Any CPU.ActiveCfg = Debug|Any CPU
		{DB1A8E59-23E8-41AC-86E4-D3C0CFD44A32}.Debug|Any CPU.Build.0 = Debug|Any CPU
		{DB1A8E59-23E8-41AC-86E4-D3C0CFD44A32}.Release|Any CPU.ActiveCfg = Release|Any CPU
		{DB1A8E59-23E8-41AC-86E4-D3C0CFD44A32}.Release|Any CPU.Build.0 = Release|Any CPU
	EndGlobalSection
	GlobalSection(SolutionProperties) = preSolution
		HideSolutionNode = FALSE
	EndGlobalSection
	GlobalSection(ExtensibilityGlobals) = postSolution
		SolutionGuid = {584189B0-4403-45C6-9C09-A07BFE5C0DB9}
	EndGlobalSection
EndGlobal
